
Microsoft Visual Studio Solution File, Format Version 12.00
# Visual Studio 15
VisualStudioVersion = 15.0.28307.779
MinimumVisualStudioVersion = 10.0.40219.1
Project("{FAE04EC0-301F-11D3-BF4B-00C04F79EFBC}") = "SimpleConnectV2", "SimpleConnectV2\SimpleConnectV2.csproj", "{3168F50D-EC7C-40CE-8AFB-38D04FFCEA97}"
EndProject
Global
	GlobalSection(SolutionConfigurationPlatforms) = preSolution
		Debug|Any CPU = Debug|Any CPU
		Release|Any CPU = Release|Any CPU
	EndGlobalSection
	GlobalSection(ProjectConfigurationPlatforms) = postSolution
		{3168F50D-EC7C-40CE-8AFB-38D04FFCEA97}.Debug|Any CPU.ActiveCfg = Debug|Any CPU
		{3168F50D-EC7C-40CE-8AFB-38D04FFCEA97}.Debug|Any CPU.Build.0 = Debug|Any CPU
		{3168F50D-EC7C-40CE-8AFB-38D04FFCEA97}.Release|Any CPU.ActiveCfg = Release|Any CPU
		{3168F50D-EC7C-40CE-8AFB-38D04FFCEA97}.Release|Any CPU.Build.0 = Release|Any CPU
	EndGlobalSection
	GlobalSection(SolutionProperties) = preSolution
		HideSolutionNode = FALSE
	EndGlobalSection
	GlobalSection(ExtensibilityGlobals) = postSolution
		SolutionGuid = {E02D8B79-D7A2-459D-8249-CD449095DC5F}
	EndGlobalSection
EndGlobal
